Microsoft Visual Studio Solution File, Format Version 12.00
# Visual Studio Version 17
VisualStudioVersion = 17.5.2.0
MinimumVisualStudioVersion = 10.0.40219.1
Project("{FAE04EC0-301F-11D3-BF4B-00C04F79EFBC}") = "EmergencyDispatcher", "EmergencyDispatcher.csproj", "{C19ACF18-19C5-27DF-8082-9B207F8DCBB2}"
EndProject
Global
	GlobalSection(SolutionConfigurationPlatforms) = preSolution
		Debug|Any CPU = Debug|Any CPU
		Release|Any CPU = Release|Any CPU
	EndGlobalSection
	GlobalSection(ProjectConfigurationPlatforms) = postSolution
		{C19ACF18-19C5-27DF-8082-9B207F8DCBB2}.Debug|Any CPU.ActiveCfg = Debug|Any CPU
		{C19ACF18-19C5-27DF-8082-9B207F8DCBB2}.Debug|Any CPU.Build.0 = Debug|Any CPU
		{C19ACF18-19C5-27DF-8082-9B207F8DCBB2}.Release|Any CPU.ActiveCfg = Release|Any CPU
		{C19ACF18-19C5-27DF-8082-9B207F8DCBB2}.Release|Any CPU.Build.0 = Release|Any CPU
	EndGlobalSection
	GlobalSection(SolutionProperties) = preSolution
		HideSolutionNode = FALSE
	EndGlobalSection
	GlobalSection(ExtensibilityGlobals) = postSolution
		SolutionGuid = {0BFDE8D7-F522-440A-9FF8-9AC8ED5460A3}
	EndGlobalSection
EndGlobal
